
Microsoft Visual Studio Solution File, Format Version 12.00
# Visual Studio 15
VisualStudioVersion = 15.0.28307.1738
MinimumVisualStudioVersion = 10.0.40219.1
Project("{FAE04EC0-301F-11D3-BF4B-00C04F79EFBC}") = "WebAPIPersonasNET462", "WebAPIPersonasNET462\WebAPIPersonasNET462.csproj", "{A366AF8D-01D7-42B2-8C1D-03726F14F179}"
EndProject
Project("{FAE04EC0-301F-11D3-BF4B-00C04F79EFBC}") = "DataLayer", "DataAccess\DataLayer.csproj", "{8D126620-3692-46DE-AC96-FDB32DECA554}"
EndProject
Project("{FAE04EC0-301F-11D3-BF4B-00C04F79EFBC}") = "MVC5PersonasNet462", "MVC5PersonasNet462\MVC5PersonasNet462.csproj", "{65339133-F87E-4057-85FF-F5F9B1CAAC16}"
EndProject
Global
	GlobalSection(SolutionConfigurationPlatforms) = preSolution
		Debug|Any CPU = Debug|Any CPU
		Release|Any CPU = Release|Any CPU
	EndGlobalSection
	GlobalSection(ProjectConfigurationPlatforms) = postSolution
		{A366AF8D-01D7-42B2-8C1D-03726F14F179}.Debug|Any CPU.ActiveCfg = Debug|Any CPU
		{A366AF8D-01D7-42B2-8C1D-03726F14F179}.Debug|Any CPU.Build.0 = Debug|Any CPU
		{A366AF8D-01D7-42B2-8C1D-03726F14F179}.Release|Any CPU.ActiveCfg = Release|Any CPU
		{A366AF8D-01D7-42B2-8C1D-03726F14F179}.Release|Any CPU.Build.0 = Release|Any CPU
		{8D126620-3692-46DE-AC96-FDB32DECA554}.Debug|Any CPU.ActiveCfg = Debug|Any CPU
		{8D126620-3692-46DE-AC96-FDB32DECA554}.Debug|Any CPU.Build.0 = Debug|Any CPU
		{8D126620-3692-46DE-AC96-FDB32DECA554}.Release|Any CPU.ActiveCfg = Release|Any CPU
		{8D126620-3692-46DE-AC96-FDB32DECA554}.Release|Any CPU.Build.0 = Release|Any CPU
		{65339133-F87E-4057-85FF-F5F9B1CAAC16}.Debug|Any CPU.ActiveCfg = Debug|Any CPU
		{65339133-F87E-4057-85FF-F5F9B1CAAC16}.Debug|Any CPU.Build.0 = Debug|Any CPU
		{65339133-F87E-4057-85FF-F5F9B1CAAC16}.Release|Any CPU.ActiveCfg = Release|Any CPU
		{65339133-F87E-4057-85FF-F5F9B1CAAC16}.Release|Any CPU.Build.0 = Release|Any CPU
	EndGlobalSection
	GlobalSection(SolutionProperties) = preSolution
		HideSolutionNode = FALSE
	EndGlobalSection
	GlobalSection(ExtensibilityGlobals) = postSolution
		SolutionGuid = {21C5E3AB-EBB8-4050-8608-03A221C41D74}
	EndGlobalSection
EndGlobal
